// !$*UTF8*$!
{
	archiveVersion = 1;
	classes = {
	};
	objectVersion = 55;
	objects = {

/* Begin PBXBuildFile section */
		5D39FA8A2804DB2B00652FF0 /* AppDelegate.swift in Sources */ = {isa = PBXBuildFile; fileRef = 5D39FA892804DB2B00652FF0 /* AppDelegate.swift */; };
		5D39FA8C2804DB2B00652FF0 /* SceneDelegate.swift in Sources */ = {isa = PBXBuildFile; fileRef = 5D39FA8B2804DB2B00652FF0 /* SceneDelegate.swift */; };
		5D39FA8E2804DB2B00652FF0 /* ViewController.swift in Sources */ = {isa = PBXBuildFile; fileRef = 5D39FA8D2804DB2B00652FF0 /* ViewController.swift */; };
		5D39FA912804DB2B00652FF0 /* Main.storyboard in Resources */ = {isa = PBXBuildFile; fileRef = 5D39FA8F2804DB2B00652FF0 /* Main.storyboard */; };
		5D39FA932804DB2C00652FF0 /* Assets.xcassets in Resources */ = {isa = PBXBuildFile; fileRef = 5D39FA922804DB2C00652FF0 /* Assets.xcassets */; };
		5D39FA962804DB2C00652FF0 /* LaunchScreen.storyboard in Resources */ = {isa = PBXBuildFile; fileRef = 5D39FA942804DB2C00652FF0 /* LaunchScreen.storyboard */; };
		5D39FAA12804DB2C00652FF0 /* CandybarTests.swift in Sources */ = {isa = PBXBuildFile; fileRef = 5D39FAA02804DB2C00652FF0 /* CandybarTests.swift */; };
		5D39FAAB2804DB2C00652FF0 /* CandybarUITests.swift in Sources */ = {isa = PBXBuildFile; fileRef = 5D39FAAA2804DB2C00652FF0 /* CandybarUITests.swift */; };
		5D39FAAD2804DB2C00652FF0 /* CandybarUITestsLaunchTests.swift in Sources */ = {isa = PBXBuildFile; fileRef = 5D39FAAC2804DB2C00652FF0 /* CandybarUITestsLaunchTests.swift */; };
/* End PBXBuildFile section */

/* Begin PBXContainerItemProxy section */
		5D39FA9D2804DB2C00652FF0 /* PBXContainerItemProxy */ = {
			isa = PBXContainerItemProxy;
			containerPortal = 5D39FA7E2804DB2B00652FF0 /* Project object */;
			proxyType = 1;
			remoteGlobalIDString = 5D39FA852804DB2B00652FF0;
			remoteInfo = Candybar;
		};
		5D39FAA72804DB2C00652FF0 /* PBXContainerItemProxy */ = {
			isa = PBXContainerItemProxy;
			containerPortal = 5D39FA7E2804DB2B00652FF0 /* Project object */;
			proxyType = 1;
			remoteGlobalIDString = 5D39FA852804DB2B00652FF0;
			remoteInfo = Candybar;
		};
/* End PBXContainerItemProxy section */

/* Begin PBXFileReference section */
		5D39FA862804DB2B00652FF0 /* Candybar.app */ = {isa = PBXFileReference; explicitFileType = wrapper.application; includeInIndex = 0; path = Candybar.app; sourceTree = BUILT_PRODUCTS_DIR; };
		5D39FA892804DB2B00652FF0 /* AppDelegate.swift */ = {isa = PBXFileReference; lastKnownFileType = sourcecode.swift; path = AppDelegate.swift; sourceTree = "<group>"; };
		5D39FA8B2804DB2B00652FF0 /* SceneDelegate.swift */ = {isa = PBXFileReference; lastKnownFileType = sourcecode.swift; path = SceneDelegate.swift; sourceTree = "<group>"; };
		5D39FA8D2804DB2B00652FF0 /* ViewController.swift */ = {isa = PBXFileReference; lastKnownFileType = sourcecode.swift; path = ViewController.swift; sourceTree = "<group>"; };
		5D39FA902804DB2B00652FF0 /* Base */ = {isa = PBXFileReference; lastKnownFileType = file.storyboard; name = Base; path = Base.lproj/Main.storyboard; sourceTree = "<group>"; };
		5D39FA922804DB2C00652FF0 /* Assets.xcassets */ = {isa = PBXFileReference; lastKnownFileType = folder.assetcatalog; path = Assets.xcassets; sourceTree = "<group>"; };
		5D39FA952804DB2C00652FF0 /* Base */ = {isa = PBXFileReference; lastKnownFileType = file.storyboard; name = Base; path = Base.lproj/LaunchScreen.storyboard; sourceTree = "<group>"; };
		5D39FA972804DB2C00652FF0 /* Info.plist */ = {isa = PBXFileReference; lastKnownFileType = text.plist.xml; path = Info.plist; sourceTree = "<group>"; };
		5D39FA9C2804DB2C00652FF0 /* CandybarTests.xctest */ = {isa = PBXFileReference; explicitFileType = wrapper.cfbundle; includeInIndex = 0; path = CandybarTests.xctest; sourceTree = BUILT_PRODUCTS_DIR; };
		5D39FAA02804DB2C00652FF0 /* CandybarTests.swift */ = {isa = PBXFileReference; lastKnownFileType = sourcecode.swift; path = CandybarTests.swift; sourceTree = "<group>"; };
		5D39FAA62804DB2C00652FF0 /* CandybarUITests.xctest */ = {isa = PBXFileReference; explicitFileType = wrapper.cfbundle; includeInIndex = 0; path = CandybarUITests.xctest; sourceTree = BUILT_PRODUCTS_DIR; };
		5D39FAAA2804DB2C00652FF0 /* CandybarUITests.swift */ = {isa = PBXFileReference; lastKnownFileType = sourcecode.swift; path = CandybarUITests.swift; sourceTree = "<group>"; };
		5D39FAAC2804DB2C00652FF0 /* CandybarUITestsLaunchTests.swift */ = {isa = PBXFileReference; lastKnownFileType = sourcecode.swift; path = CandybarUITestsLaunchTests.swift; sourceTree = "<group>"; };
/* End PBXFileReference section */

/* Begin PBXFrameworksBuildPhase section */
		5D39FA832804DB2B00652FF0 /* Frameworks */ = {
			isa = PBXFrameworksBuildPhase;
			buildActionMask = 2147483647;
			files = (
			);
			runOnlyForDeploymentPostprocessing = 0;
		};
		5D39FA992804DB2C00652FF0 /* Frameworks */ = {
			isa = PBXFrameworksBuildPhase;
			buildActionMask = 2147483647;
			files = (
			);
			runOnlyForDeploymentPostprocessing = 0;
		};
		5D39FAA32804DB2C00652FF0 /* Frameworks */ = {
			isa = PBXFrameworksBuildPhase;
			buildActionMask = 2147483647;
			files = (
			);
			runOnlyForDeploymentPostprocessing = 0;
		};
/* End PBXFrameworksBuildPhase section */

/* Begin PBXGroup section */
		5D39FA7D2804DB2B00652FF0 = {
			isa = PBXGroup;
			children = (
				5D39FA882804DB2B00652FF0 /* Candybar */,
				5D39FA9F2804DB2C00652FF0 /* CandybarTests */,
				5D39FAA92804DB2C00652FF0 /* CandybarUITests */,
				5D39FA872804DB2B00652FF0 /* Products */,
			);
			sourceTree = "<group>";
		};
		5D39FA872804DB2B00652FF0 /* Products */ = {
			isa = PBXGroup;
			children = (
				5D39FA862804DB2B00652FF0 /* Candybar.app */,
				5D39FA9C2804DB2C00652FF0 /* CandybarTests.xctest */,
				5D39FAA62804DB2C00652FF0 /* CandybarUITests.xctest */,
			);
			name = Products;
			sourceTree = "<group>";
		};
		5D39FA882804DB2B00652FF0 /* Candybar */ = {
			isa = PBXGroup;
			children = (
				5D39FA892804DB2B00652FF0 /* AppDelegate.swift */,
				5D39FA8B2804DB2B00652FF0 /* SceneDelegate.swift */,
				5D39FA8D2804DB2B00652FF0 /* ViewController.swift */,
				5D39FA8F2804DB2B00652FF0 /* Main.storyboard */,
				5D39FA922804DB2C00652FF0 /* Assets.xcassets */,
				5D39FA942804DB2C00652FF0 /* LaunchScreen.storyboard */,
				5D39FA972804DB2C00652FF0 /* Info.plist */,
			);
			path = Candybar;
			sourceTree = "<group>";
		};
		5D39FA9F2804DB2C00652FF0 /* CandybarTests */ = {
			isa = PBXGroup;
			children = (
				5D39FAA02804DB2C00652FF0 /* CandybarTests.swift */,
			);
			path = CandybarTests;
			sourceTree = "<group>";
		};
		5D39FAA92804DB2C00652FF0 /* CandybarUITests */ = {
			isa = PBXGroup;
			children = (
				5D39FAAA2804DB2C00652FF0 /* CandybarUITests.swift */,
				5D39FAAC2804DB2C00652FF0 /* CandybarUITestsLaunchTests.swift */,
			);
			path = CandybarUITests;
			sourceTree = "<group>";
		};
/* End PBXGroup section */

/* Begin PBXNativeTarget section */
		5D39FA852804DB2B00652FF0 /* Candybar */ = {
			isa = PBXNativeTarget;
			buildConfigurationList = 5D39FAB02804DB2C00652FF0 /* Build configuration list for PBXNativeTarget "Candybar" */;
			buildPhases = (
				5D39FA822804DB2B00652FF0 /* Sources */,
				5D39FA832804DB2B00652FF0 /* Frameworks */,
				5D39FA842804DB2B00652FF0 /* Resources */,
			);
			buildRules = (
			);
			dependencies = (
			);
			name = Candybar;
			productName = Candybar;
			productReference = 5D39FA862804DB2B00652FF0 /* Candybar.app */;
			productType = "com.apple.product-type.application";
		};
		5D39FA9B2804DB2C00652FF0 /* CandybarTests */ = {
			isa = PBXNativeTarget;
			buildConfigurationList = 5D39FAB32804DB2C00652FF0 /* Build configuration list for PBXNativeTarget "CandybarTests" */;
			buildPhases = (
				5D39FA982804DB2C00652FF0 /* Sources */,
				5D39FA992804DB2C00652FF0 /* Frameworks */,
				5D39FA9A2804DB2C00652FF0 /* Resources */,
			);
			buildRules = (
			);
			dependencies = (
				5D39FA9E2804DB2C00652FF0 /* PBXTargetDependency */,
			);
			name = CandybarTests;
			productName = CandybarTests;
			productReference = 5D39FA9C2804DB2C00652FF0 /* CandybarTests.xctest */;
			productType = "com.apple.product-type.bundle.unit-test";
		};
		5D39FAA52804DB2C00652FF0 /* CandybarUITests */ = {
			isa = PBXNativeTarget;
			buildConfigurationList = 5D39FAB62804DB2C00652FF0 /* Build configuration list for PBXNativeTarget "CandybarUITests" */;
			buildPhases = (
				5D39FAA22804DB2C00652FF0 /* Sources */,
				5D39FAA32804DB2C00652FF0 /* Frameworks */,
				5D39FAA42804DB2C00652FF0 /* Resources */,
			);
			buildRules = (
			);
			dependencies = (
				5D39FAA82804DB2C00652FF0 /* PBXTargetDependency */,
			);
			name = CandybarUITests;
			productName = CandybarUITests;
			productReference = 5D39FAA62804DB2C00652FF0 /* CandybarUITests.xctest */;
			productType = "com.apple.product-type.bundle.ui-testing";
		};
/* End PBXNativeTarget section */

/* Begin PBXProject section */
		5D39FA7E2804DB2B00652FF0 /* Project object */ = {
			isa = PBXProject;
			attributes = {
				BuildIndependentTargetsInParallel = 1;
				LastSwiftUpdateCheck = 1330;
				LastUpgradeCheck = 1330;
				TargetAttributes = {
					5D39FA852804DB2B00652FF0 = {
						CreatedOnToolsVersion = 13.3;
					};
					5D39FA9B2804DB2C00652FF0 = {
						CreatedOnToolsVersion = 13.3;
						TestTargetID = 5D39FA852804DB2B00652FF0;
					};
					5D39FAA52804DB2C00652FF0 = {
						CreatedOnToolsVersion = 13.3;
						TestTargetID = 5D39FA852804DB2B00652FF0;
					};
				};
			};
			buildConfigurationList = 5D39FA812804DB2B00652FF0 /* Build configuration list for PBXProject "Candybar" */;
			compatibilityVersion = "Xcode 13.0";
			developmentRegion = en;
			hasScannedForEncodings = 0;
			knownRegions = (
				en,
				Base,
			);
			mainGroup = 5D39FA7D2804DB2B00652FF0;
			productRefGroup = 5D39FA872804DB2B00652FF0 /* Products */;
			projectDirPath = "";
			projectRoot = "";
			targets = (
				5D39FA852804DB2B00652FF0 /* Candybar */,
				5D39FA9B2804DB2C00652FF0 /* CandybarTests */,
				5D39FAA52804DB2C00652FF0 /* CandybarUITests */,
			);
		};
/* End PBXProject section */

/* Begin PBXResourcesBuildPhase section */
		5D39FA842804DB2B00652FF0 /* Resources */ = {
			isa = PBXResourcesBuildPhase;
			buildActionMask = 2147483647;
			files = (
				5D39FA962804DB2C00652FF0 /* LaunchScreen.storyboard in Resources */,
				5D39FA932804DB2C00652FF0 /* Assets.xcassets in Resources */,
				5D39FA912804DB2B00652FF0 /* Main.storyboard in Resources */,
			);
			runOnlyForDeploymentPostprocessing = 0;
		};
		5D39FA9A2804DB2C00652FF0 /* Resources */ = {
			isa = PBXResourcesBuildPhase;
			buildActionMask = 2147483647;
			files = (
			);
			runOnlyForDeploymentPostprocessing = 0;
		};
		5D39FAA42804DB2C00652FF0 /* Resources */ = {
			isa = PBXResourcesBuildPhase;
			buildActionMask = 2147483647;
			files = (
			);
			runOnlyForDeploymentPostprocessing = 0;
		};
/* End PBXResourcesBuildPhase section */

/* Begin PBXSourcesBuildPhase section */
		5D39FA822804DB2B00652FF0 /* Sources */ = {
			isa = PBXSourcesBuildPhase;
			buildActionMask = 2147483647;
			files = (
				5D39FA8E2804DB2B00652FF0 /* ViewController.swift in Sources */,
				5D39FA8A2804DB2B00652FF0 /* AppDelegate.swift in Sources */,
				5D39FA8C2804DB2B00652FF0 /* SceneDelegate.swift in Sources */,
			);
			runOnlyForDeploymentPostprocessing = 0;
		};
		5D39FA982804DB2C00652FF0 /* Sources */ = {
			isa = PBXSourcesBuildPhase;
			buildActionMask = 2147483647;
			files = (
				5D39FAA12804DB2C00652FF0 /* CandybarTests.swift in Sources */,
			);
			runOnlyForDeploymentPostprocessing = 0;
		};
		5D39FAA22804DB2C00652FF0 /* Sources */ = {
			isa = PBXSourcesBuildPhase;
			buildActionMask = 2147483647;
			files = (
				5D39FAAD2804DB2C00652FF0 /* CandybarUITestsLaunchTests.swift in Sources */,
				5D39FAAB2804DB2C00652FF0 /* CandybarUITests.swift in Sources */,
			);
			runOnlyForDeploymentPostprocessing = 0;
		};
/* End PBXSourcesBuildPhase section */

/* Begin PBXTargetDependency section */
		5D39FA9E2804DB2C00652FF0 /* PBXTargetDependency */ = {
			isa = PBXTargetDependency;
			target = 5D39FA852804DB2B00652FF0 /* Candybar */;
			targetProxy = 5D39FA9D2804DB2C00652FF0 /* PBXContainerItemProxy */;
		};
		5D39FAA82804DB2C00652FF0 /* PBXTargetDependency */ = {
			isa = PBXTargetDependency;
			target = 5D39FA852804DB2B00652FF0 /* Candybar */;
			targetProxy = 5D39FAA72804DB2C00652FF0 /* PBXContainerItemProxy */;
		};
/* End PBXTargetDependency section */

/* Begin PBXVariantGroup section */
		5D39FA8F2804DB2B00652FF0 /* Main.storyboard */ = {
			isa = PBXVariantGroup;
			children = (
				5D39FA902804DB2B00652FF0 /* Base */,
			);
			name = Main.storyboard;
			sourceTree = "<group>";
		};
		5D39FA942804DB2C00652FF0 /* LaunchScreen.storyboard */ = {
			isa = PBXVariantGroup;
			children = (
				5D39FA952804DB2C00652FF0 /* Base */,
			);
			name = LaunchScreen.storyboard;
			sourceTree = "<group>";
		};
/* End PBXVariantGroup section */

/* Begin XCBuildConfiguration section */
		5D39FAAE2804DB2C00652FF0 /* Debug */ = {
			isa = XCBuildConfiguration;
			buildSettings = {
				ALWAYS_SEARCH_USER_PATHS = NO;
				CLANG_ANALYZER_NONNULL = YES;
				CLANG_ANALYZER_NUMBER_OBJECT_CONVERSION = YES_AGGRESSIVE;
				CLANG_CXX_LANGUAGE_STANDARD = "gnu++17";
				CLANG_ENABLE_MODULES = YES;
				CLANG_ENABLE_OBJC_ARC = YES;
				CLANG_ENABLE_OBJC_WEAK = YES;
				CLANG_WARN_BLOCK_CAPTURE_AUTORELEASING = YES;
				CLANG_WARN_BOOL_CONVERSION = YES;
				CLANG_WARN_COMMA = YES;
				CLANG_WARN_CONSTANT_CONVERSION = YES;
				CLANG_WARN_DEPRECATED_OBJC_IMPLEMENTATIONS = YES;
				CLANG_WARN_DIRECT_OBJC_ISA_USAGE = YES_ERROR;
				CLANG_WARN_DOCUMENTATION_COMMENTS = YES;
				CLANG_WARN_EMPTY_BODY = YES;
				CLANG_WARN_ENUM_CONVERSION = YES;
				CLANG_WARN_INFINITE_RECURSION = YES;
				CLANG_WARN_INT_CONVERSION = YES;
				CLANG_WARN_NON_LITERAL_NULL_CONVERSION = YES;
				CLANG_WARN_OBJC_IMPLICIT_RETAIN_SELF = YES;
				CLANG_WARN_OBJC_LITERAL_CONVERSION = YES;
				CLANG_WARN_OBJC_ROOT_CLASS = YES_ERROR;
				CLANG_WARN_QUOTED_INCLUDE_IN_FRAMEWORK_HEADER = YES;
				CLANG_WARN_RANGE_LOOP_ANALYSIS = YES;
				CLANG_WARN_STRICT_PROTOTYPES = YES;
				CLANG_WARN_SUSPICIOUS_MOVE = YES;
				CLANG_WARN_UNGUARDED_AVAILABILITY = YES_AGGRESSIVE;
				CLANG_WARN_UNREACHABLE_CODE = YES;
				CLANG_WARN__DUPLICATE_METHOD_MATCH = YES;
				COPY_PHASE_STRIP = NO;
				DEBUG_INFORMATION_FORMAT = dwarf;
				ENABLE_STRICT_OBJC_MSGSEND = YES;
				ENABLE_TESTABILITY = YES;
				GCC_C_LANGUAGE_STANDARD = gnu11;
				GCC_DYNAMIC_NO_PIC = NO;
				GCC_NO_COMMON_BLOCKS = YES;
				GCC_OPTIMIZATION_LEVEL = 0;
				GCC_PREPROCESSOR_DEFINITIONS = (
					"DEBUG=1",
					"$(inherited)",
				);
				GCC_WARN_64_TO_32_BIT_CONVERSION = YES;
				GCC_WARN_ABOUT_RETURN_TYPE = YES_ERROR;
				GCC_WARN_UNDECLARED_SELECTOR = YES;
				GCC_WARN_UNINITIALIZED_AUTOS = YES_AGGRESSIVE;
				GCC_WARN_UNUSED_FUNCTION = YES;
				GCC_WARN_UNUSED_VARIABLE = YES;
				IPHONEOS_DEPLOYMENT_TARGET = 15.4;
				MTL_ENABLE_DEBUG_INFO = INCLUDE_SOURCE;
				MTL_FAST_MATH = YES;
				ONLY_ACTIVE_ARCH = YES;
				SDKROOT = iphoneos;
				SWIFT_ACTIVE_COMPILATION_CONDITIONS = DEBUG;
				SWIFT_OPTIMIZATION_LEVEL = "-Onone";
			};
			name = Debug;
		};
		5D39FAAF2804DB2C00652FF0 /* Release */ = {
			isa = XCBuildConfiguration;
			buildSettings = {
				ALWAYS_SEARCH_USER_PATHS = NO;
				CLANG_ANALYZER_NONNULL = YES;
				CLANG_ANALYZER_NUMBER_OBJECT_CONVERSION = YES_AGGRESSIVE;
				CLANG_CXX_LANGUAGE_STANDARD = "gnu++17";
				CLANG_ENABLE_MODULES = YES;
				CLANG_ENABLE_OBJC_ARC = YES;
				CLANG_ENABLE_OBJC_WEAK = YES;
				CLANG_WARN_BLOCK_CAPTURE_AUTORELEASING = YES;
				CLANG_WARN_BOOL_CONVERSION = YES;
				CLANG_WARN_COMMA = YES;
				CLANG_WARN_CONSTANT_CONVERSION = YES;
				CLANG_WARN_DEPRECATED_OBJC_IMPLEMENTATIONS = YES;
				CLANG_WARN_DIRECT_OBJC_ISA_USAGE = YES_ERROR;
				CLANG_WARN_DOCUMENTATION_COMMENTS = YES;
				CLANG_WARN_EMPTY_BODY = YES;
				CLANG_WARN_ENUM_CONVERSION = YES;
				CLANG_WARN_INFINITE_RECURSION = YES;
				CLANG_WARN_INT_CONVERSION = YES;
				CLANG_WARN_NON_LITERAL_NULL_CONVERSION = YES;
				CLANG_WARN_OBJC_IMPLICIT_RETAIN_SELF = YES;
				CLANG_WARN_OBJC_LITERAL_CONVERSION = YES;
				CLANG_WARN_OBJC_ROOT_CLASS = YES_ERROR;
				CLANG_WARN_QUOTED_INCLUDE_IN_FRAMEWORK_HEADER = YES;
				CLANG_WARN_RANGE_LOOP_ANALYSIS = YES;
				CLANG_WARN_STRICT_PROTOTYPES = YES;
				CLANG_WARN_SUSPICIOUS_MOVE = YES;
				CLANG_WARN_UNGUARDED_AVAILABILITY = YES_AGGRESSIVE;
				CLANG_WARN_UNREACHABLE_CODE = YES;
				CLANG_WARN__DUPLICATE_METHOD_MATCH = YES;
				COPY_PHASE_STRIP = NO;
				DEBUG_INFORMATION_FORMAT = "dwarf-with-dsym";
				ENABLE_NS_ASSERTIONS = NO;
				ENABLE_STRICT_OBJC_MSGSEND = YES;
				GCC_C_LANGUAGE_STANDARD = gnu11;
				GCC_NO_COMMON_BLOCKS = YES;
				GCC_WARN_64_TO_32_BIT_CONVERSION = YES;
				GCC_WARN_ABOUT_RETURN_TYPE = YES_ERROR;
				GCC_WARN_UNDECLARED_SELECTOR = YES;
				GCC_WARN_UNINITIALIZED_AUTOS = YES_AGGRESSIVE;
				GCC_WARN_UNUSED_FUNCTION = YES;
				GCC_WARN_UNUSED_VARIABLE = YES;
				IPHONEOS_DEPLOYMENT_TARGET = 15.4;
				MTL_ENABLE_DEBUG_INFO = NO;
				MTL_FAST_MATH = YES;
				SDKROOT = iphoneos;
				SWIFT_COMPILATION_MODE = wholemodule;
				SWIFT_OPTIMIZATION_LEVEL = "-O";
				VALIDATE_PRODUCT = YES;
			};
			name = Release;
		};
		5D39FAB12804DB2C00652FF0 /* Debug */ = {
			isa = XCBuildConfiguration;
			buildSettings = {
				ASSETCATALOG_COMPILER_APPICON_NAME = AppIcon;
				ASSETCATALOG_COMPILER_GLOBAL_ACCENT_COLOR_NAME = AccentColor;
				CODE_SIGN_STYLE = Automatic;
				CURRENT_PROJECT_VERSION = 1;
				GENERATE_INFOPLIST_FILE = YES;
				INFOPLIST_FILE = Candybar/Info.plist;
				INFOPLIST_KEY_UIApplicationSupportsIndirectInputEvents = YES;
				INFOPLIST_KEY_UILaunchStoryboardName = LaunchScreen;
				INFOPLIST_KEY_UIMainStoryboardFile = Main;
				INFOPLIST_KEY_UISupportedInterfaceOrientations_iPad = "UIInterfaceOrientationPortrait UIInterfaceOrientationPortraitUpsideDown UIInterfaceOrientationLandscapeLeft UIInterfaceOrientationLandscapeRight";
				INFOPLIST_KEY_UISupportedInterfaceOrientations_iPhone = "UIInterfaceOrientationPortrait UIInterfaceOrientationLandscapeLeft UIInterfaceOrientationLandscapeRight";
				LD_RUNPATH_SEARCH_PATHS = (
					"$(inherited)",
					"@executable_path/Frameworks",
				);
				MARKETING_VERSION = 1.0;
				PRODUCT_BUNDLE_IDENTIFIER = bas.Candybar;
				PRODUCT_NAME = "$(TARGET_NAME)";
				SWIFT_EMIT_LOC_STRINGS = YES;
				SWIFT_VERSION = 5.0;
				TARGETED_DEVICE_FAMILY = "1,2";
			};
			name = Debug;
		};
		5D39FAB22804DB2C00652FF0 /* Release */ = {
			isa = XCBuildConfiguration;
			buildSettings = {
				ASSETCATALOG_COMPILER_APPICON_NAME = AppIcon;
				ASSETCATALOG_COMPILER_GLOBAL_ACCENT_COLOR_NAME = AccentColor;
				CODE_SIGN_STYLE = Automatic;
				CURRENT_PROJECT_VERSION = 1;
				GENERATE_INFOPLIST_FILE = YES;
				INFOPLIST_FILE = Candybar/Info.plist;
				INFOPLIST_KEY_UIApplicationSupportsIndirectInputEvents = YES;
				INFOPLIST_KEY_UILaunchStoryboardName = LaunchScreen;
				INFOPLIST_KEY_UIMainStoryboardFile = Main;
				INFOPLIST_KEY_UISupportedInterfaceOrientations_iPad = "UIInterfaceOrientationPortrait UIInterfaceOrientationPortraitUpsideDown UIInterfaceOrientationLandscapeLeft UIInterfaceOrientationLandscapeRight";
				INFOPLIST_KEY_UISupportedInterfaceOrientations_iPhone = "UIInterfaceOrientationPortrait UIInterfaceOrientationLandscapeLeft UIInterfaceOrientationLandscapeRight";
				LD_RUNPATH_SEARCH_PATHS = (
					"$(inherited)",
					"@executable_path/Frameworks",
				);
				MARKETING_VERSION = 1.0;
				PRODUCT_BUNDLE_IDENTIFIER = bas.Candybar;
				PRODUCT_NAME = "$(TARGET_NAME)";
				SWIFT_EMIT_LOC_STRINGS = YES;
				SWIFT_VERSION = 5.0;
				TARGETED_DEVICE_FAMILY = "1,2";
			};
			name = Release;
		};
		5D39FAB42804DB2C00652FF0 /* Debug */ = {
			isa = XCBuildConfiguration;
			buildSettings = {
				ALWAYS_EMBED_SWIFT_STANDARD_LIBRARIES = YES;
				BUNDLE_LOADER = "$(TEST_HOST)";
				CODE_SIGN_STYLE = Automatic;
				CURRENT_PROJECT_VERSION = 1;
				GENERATE_INFOPLIST_FILE = YES;
				IPHONEOS_DEPLOYMENT_TARGET = 15.4;
				MARKETING_VERSION = 1.0;
				PRODUCT_BUNDLE_IDENTIFIER = bas.CandybarTests;
				PRODUCT_NAME = "$(TARGET_NAME)";
				SWIFT_EMIT_LOC_STRINGS = NO;
				SWIFT_VERSION = 5.0;
				TARGETED_DEVICE_FAMILY = "1,2";
				TEST_HOST = "$(BUILT_PRODUCTS_DIR)/Candybar.app/Candybar";
			};
			name = Debug;
		};
		5D39FAB52804DB2C00652FF0 /* Release */ = {
			isa = XCBuildConfiguration;
			buildSettings = {
				ALWAYS_EMBED_SWIFT_STANDARD_LIBRARIES = YES;
				BUNDLE_LOADER = "$(TEST_HOST)";
				CODE_SIGN_STYLE = Automatic;
				CURRENT_PROJECT_VERSION = 1;
				GENERATE_INFOPLIST_FILE = YES;
				IPHONEOS_DEPLOYMENT_TARGET = 15.4;
				MARKETING_VERSION = 1.0;
				PRODUCT_BUNDLE_IDENTIFIER = bas.CandybarTests;
				PRODUCT_NAME = "$(TARGET_NAME)";
				SWIFT_EMIT_LOC_STRINGS = NO;
				SWIFT_VERSION = 5.0;
				TARGETED_DEVICE_FAMILY = "1,2";
				TEST_HOST = "$(BUILT_PRODUCTS_DIR)/Candybar.app/Candybar";
			};
			name = Release;
		};
		5D39FAB72804DB2C00652FF0 /* Debug */ = {
			isa = XCBuildConfiguration;
			buildSettings = {
				ALWAYS_EMBED_SWIFT_STANDARD_LIBRARIES = YES;
				CODE_SIGN_STYLE = Automatic;
				CURRENT_PROJECT_VERSION = 1;
				GENERATE_INFOPLIST_FILE = YES;
				MARKETING_VERSION = 1.0;
				PRODUCT_BUNDLE_IDENTIFIER = bas.CandybarUITests;
				PRODUCT_NAME = "$(TARGET_NAME)";
				SWIFT_EMIT_LOC_STRINGS = NO;
				SWIFT_VERSION = 5.0;
				TARGETED_DEVICE_FAMILY = "1,2";
				TEST_TARGET_NAME = Candybar;
			};
			name = Debug;
		};
		5D39FAB82804DB2C00652FF0 /* Release */ = {
			isa = XCBuildConfiguration;
			buildSettings = {
				ALWAYS_EMBED_SWIFT_STANDARD_LIBRARIES = YES;
				CODE_SIGN_STYLE = Automatic;
				CURRENT_PROJECT_VERSION = 1;
				GENERATE_INFOPLIST_FILE = YES;
				MARKETING_VERSION = 1.0;
				PRODUCT_BUNDLE_IDENTIFIER = bas.CandybarUITests;
				PRODUCT_NAME = "$(TARGET_NAME)";
				SWIFT_EMIT_LOC_STRINGS = NO;
				SWIFT_VERSION = 5.0;
				TARGETED_DEVICE_FAMILY = "1,2";
				TEST_TARGET_NAME = Candybar;
			};
			name = Release;
		};
/* End XCBuildConfiguration section */

/* Begin XCConfigurationList section */
		5D39FA812804DB2B00652FF0 /* Build configuration list for PBXProject "Candybar" */ = {
			isa = XCConfigurationList;
			buildConfigurations = (
				5D39FAAE2804DB2C00652FF0 /* Debug */,
				5D39FAAF2804DB2C00652FF0 /* Release */,
			);
			defaultConfigurationIsVisible = 0;
			defaultConfigurationName = Release;
		};
		5D39FAB02804DB2C00652FF0 /* Build configuration list for PBXNativeTarget "Candybar" */ = {
			isa = XCConfigurationList;
			buildConfigurations = (
				5D39FAB12804DB2C00652FF0 /* Debug */,
				5D39FAB22804DB2C00652FF0 /* Release */,
			);
			defaultConfigurationIsVisible = 0;
			defaultConfigurationName = Release;
		};
		5D39FAB32804DB2C00652FF0 /* Build configuration list for PBXNativeTarget "CandybarTests" */ = {
			isa = XCConfigurationList;
			buildConfigurations = (
				5D39FAB42804DB2C00652FF0 /* Debug */,
				5D39FAB52804DB2C00652FF0 /* Release */,
			);
			defaultConfigurationIsVisible = 0;
			defaultConfigurationName = Release;
		};
		5D39FAB62804DB2C00652FF0 /* Build configuration list for PBXNativeTarget "CandybarUITests" */ = {
			isa = XCConfigurationList;
			buildConfigurations = (
				5D39FAB72804DB2C00652FF0 /* Debug */,
				5D39FAB82804DB2C00652FF0 /* Release */,
			);
			defaultConfigurationIsVisible = 0;
			defaultConfigurationName = Release;
		};
/* End XCConfigurationList section */
	};
	rootObject = 5D39FA7E2804DB2B00652FF0 /* Project object */;
}
